
Microsoft Visual Studio Solution File, Format Version 12.00
# Visual Studio Version 17
VisualStudioVersion = 17.9.34728.123
MinimumVisualStudioVersion = 10.0.40219.1
Project("{FAE04EC0-301F-11D3-BF4B-00C04F79EFBC}") = "AtMonitor", "AtMonitor\AtMonitor.csproj", "{C935E262-2125-4599-9219-2DB54F8BE8FE}"
EndProject
Global
	GlobalSection(SolutionConfigurationPlatforms) = preSolution
		Debug|Any CPU = Debug|Any CPU
		Release|Any CPU = Release|Any CPU
	EndGlobalSection
	GlobalSection(ProjectConfigurationPlatforms) = postSolution
		{C935E262-2125-4599-9219-2DB54F8BE8FE}.Debug|Any CPU.ActiveCfg = Debug|Any CPU
		{C935E262-2125-4599-9219-2DB54F8BE8FE}.Debug|Any CPU.Build.0 = Debug|Any CPU
		{C935E262-2125-4599-9219-2DB54F8BE8FE}.Debug|Any CPU.Deploy.0 = Debug|Any CPU
		{C935E262-2125-4599-9219-2DB54F8BE8FE}.Release|Any CPU.ActiveCfg = Release|Any CPU
		{C935E262-2125-4599-9219-2DB54F8BE8FE}.Release|Any CPU.Build.0 = Release|Any CPU
		{C935E262-2125-4599-9219-2DB54F8BE8FE}.Release|Any CPU.Deploy.0 = Release|Any CPU
	EndGlobalSection
	GlobalSection(SolutionProperties) = preSolution
		HideSolutionNode = FALSE
	EndGlobalSection
	GlobalSection(ExtensibilityGlobals) = postSolution
		SolutionGuid = {B1994E84-4370-46DB-ABD3-247277D99040}
	EndGlobalSection
EndGlobal
